
Microsoft Visual Studio Solution File, Format Version 12.00
# Visual Studio Version 16
VisualStudioVersion = 16.0.31005.135
MinimumVisualStudioVersion = 10.0.40219.1
Project("{FAE04EC0-301F-11D3-BF4B-00C04F79EFBC}") = "HomeCare", "HomeCare\HomeCare.csproj", "{342B11C3-91C9-4EEE-9006-985A70ED16BB}"
EndProject
Global
	GlobalSection(SolutionConfigurationPlatforms) = preSolution
		Debug|Any CPU = Debug|Any CPU
		Release|Any CPU = Release|Any CPU
	EndGlobalSection
	GlobalSection(ProjectConfigurationPlatforms) = postSolution
		{342B11C3-91C9-4EEE-9006-985A70ED16BB}.Debug|Any CPU.ActiveCfg = Debug|Any CPU
		{342B11C3-91C9-4EEE-9006-985A70ED16BB}.Debug|Any CPU.Build.0 = Debug|Any CPU
		{342B11C3-91C9-4EEE-9006-985A70ED16BB}.Release|Any CPU.ActiveCfg = Release|Any CPU
		{342B11C3-91C9-4EEE-9006-985A70ED16BB}.Release|Any CPU.Build.0 = Release|Any CPU
	EndGlobalSection
	GlobalSection(SolutionProperties) = preSolution
		HideSolutionNode = FALSE
	EndGlobalSection
	GlobalSection(ExtensibilityGlobals) = postSolution
		SolutionGuid = {481EBC78-BFF6-4EE1-8666-26A6BB4E3F84}
	EndGlobalSection
EndGlobal
